{
  "version": 4,
  "terraform_version": "1.3.2",
  "serial": 25,
  "lineage": "ddaed7a7-5bc8-a713-265c-8e1560ff5990",
  "outputs": {},
  "resources": [
    {
      "mode": "data",
      "type": "azuread_client_config",
      "name": "current",
      "provider": "provider[\"registry.terraform.io/hashicorp/azuread\"]",
      "instances": [
        {
          "schema_version": 0,
          "attributes": {
            "client_id": "04b07795-8ddb-461a-bbee-02f9e1bf7b46",
            "id": "08433261-1217-468c-b251-2b000a8afb7e-04b07795-8ddb-461a-bbee-02f9e1bf7b46-80b019b5-4e92-4d9f-b592-beb75affccde",
            "object_id": "80b019b5-4e92-4d9f-b592-beb75affccde",
            "tenant_id": "08433261-1217-468c-b251-2b000a8afb7e",
            "timeouts": null
          },
          "sensitive_attributes": []
        }
      ]
    },
    {
      "mode": "data",
      "type": "azurerm_subscription",
      "name": "current",
      "provider": "provider[\"registry.terraform.io/hashicorp/azurerm\"]",
      "instances": [
        {
          "schema_version": 0,
          "attributes": {
            "display_name": "Azure subscription 1",
            "id": "/subscriptions/e1bf182a-5e03-4946-96ad-fe6b09d46cc4",
            "location_placement_id": "Public_2014-09-01",
            "quota_id": "PayAsYouGo_2014-09-01",
            "spending_limit": "Off",
            "state": "Enabled",
            "subscription_id": "e1bf182a-5e03-4946-96ad-fe6b09d46cc4",
            "tags": {},
            "tenant_id": "08433261-1217-468c-b251-2b000a8afb7e",
            "timeouts": null
          },
          "sensitive_attributes": []
        }
      ]
    },
    {
      "mode": "managed",
      "type": "azuread_application",
      "name": "gh_actions",
      "provider": "provider[\"registry.terraform.io/hashicorp/azuread\"]",
      "instances": [
        {
          "schema_version": 1,
          "attributes": {
            "api": [
              {
                "known_client_applications": [],
                "mapped_claims_enabled": false,
                "oauth2_permission_scope": [],
                "requested_access_token_version": 1
              }
            ],
            "app_role": [],
            "app_role_ids": {},
            "application_id": "ac289d50-0105-4208-8c65-ab74be289e65",
            "description": "",
            "device_only_auth_enabled": false,
            "disabled_by_microsoft": "\u003cnil\u003e",
            "display_name": "transitapi-20919",
            "fallback_public_client_enabled": false,
            "feature_tags": [
              {
                "custom_single_sign_on": false,
                "enterprise": false,
                "gallery": false,
                "hide": false
              }
            ],
            "group_membership_claims": [],
            "id": "95bcc520-9e43-4017-9234-6134bef6467f",
            "identifier_uris": [],
            "logo_image": "",
            "logo_url": "",
            "marketing_url": "",
            "notes": "",
            "oauth2_permission_scope_ids": {},
            "oauth2_post_response_required": false,
            "object_id": "95bcc520-9e43-4017-9234-6134bef6467f",
            "optional_claims": [
              {
                "access_token": [],
                "id_token": [],
                "saml2_token": []
              }
            ],
            "owners": [
              "80b019b5-4e92-4d9f-b592-beb75affccde"
            ],
            "prevent_duplicate_names": false,
            "privacy_statement_url": "",
            "public_client": [
              {
                "redirect_uris": []
              }
            ],
            "publisher_domain": "ysodiqakannigmail.onmicrosoft.com",
            "required_resource_access": [],
            "service_management_reference": "",
            "sign_in_audience": "AzureADMyOrg",
            "single_page_application": [
              {
                "redirect_uris": []
              }
            ],
            "support_url": "",
            "tags": [],
            "template_id": "",
            "terms_of_service_url": "",
            "timeouts": null,
            "web": [
              {
                "homepage_url": "",
                "implicit_grant": [
                  {
                    "access_token_issuance_enabled": false,
                    "id_token_issuance_enabled": false
                  }
                ],
                "logout_url": "",
                "redirect_uris": []
              }
            ]
          },
          "sensitive_attributes": [],
          "private": "eyJlMmJmYjczMC1lY2FhLTExZTYtOGY4OC0zNDM2M2JjN2M0YzAiOnsiY3JlYXRlIjo2MDAwMDAwMDAwMDAsImRlbGV0ZSI6MzAwMDAwMDAwMDAwLCJyZWFkIjozMDAwMDAwMDAwMDAsInVwZGF0ZSI6NjAwMDAwMDAwMDAwfSwic2NoZW1hX3ZlcnNpb24iOiIxIn0=",
          "dependencies": [
            "data.azuread_client_config.current",
            "random_integer.sa_num"
          ]
        }
      ]
    },
    {
      "mode": "managed",
      "type": "azuread_service_principal",
      "name": "gh_actions",
      "provider": "provider[\"registry.terraform.io/hashicorp/azuread\"]",
      "instances": [
        {
          "schema_version": 0,
          "attributes": {
            "account_enabled": true,
            "alternative_names": [],
            "app_role_assignment_required": false,
            "app_role_ids": {},
            "app_roles": [],
            "application_id": "ac289d50-0105-4208-8c65-ab74be289e65",
            "application_tenant_id": "08433261-1217-468c-b251-2b000a8afb7e",
            "description": "",
            "display_name": "transit-api-20919",
            "feature_tags": [
              {
                "custom_single_sign_on": false,
                "enterprise": false,
                "gallery": false,
                "hide": false
              }
            ],
            "features": [
              {
                "custom_single_sign_on_app": false,
                "enterprise_application": false,
                "gallery_application": false,
                "visible_to_users": true
              }
            ],
            "homepage_url": "",
            "id": "ce23429a-651d-437e-a60f-0f84b3920aa6",
            "login_url": "",
            "logout_url": "",
            "notes": "",
            "notification_email_addresses": [],
            "oauth2_permission_scope_ids": {},
            "oauth2_permission_scopes": [],
            "object_id": "ce23429a-651d-437e-a60f-0f84b3920aa6",
            "owners": [
              "80b019b5-4e92-4d9f-b592-beb75affccde"
            ],
            "preferred_single_sign_on_mode": "",
            "redirect_uris": [],
            "saml_metadata_url": "",
            "saml_single_sign_on": [
              {
                "relay_state": ""
              }
            ],
            "service_principal_names": [],
            "sign_in_audience": "AzureADMyOrg",
            "tags": [],
            "timeouts": null,
            "type": "Application",
            "use_existing": null
          },
          "sensitive_attributes": [],
          "private": "eyJlMmJmYjczMC1lY2FhLTExZTYtOGY4OC0zNDM2M2JjN2M0YzAiOnsiY3JlYXRlIjo2MDAwMDAwMDAwMDAsImRlbGV0ZSI6MzAwMDAwMDAwMDAwLCJyZWFkIjozMDAwMDAwMDAwMDAsInVwZGF0ZSI6NjAwMDAwMDAwMDAwfX0=",
          "dependencies": [
            "azuread_application.gh_actions",
            "data.azuread_client_config.current",
            "random_integer.sa_num"
          ]
        }
      ]
    },
    {
      "mode": "managed",
      "type": "azuread_service_principal_password",
      "name": "gh_actions",
      "provider": "provider[\"registry.terraform.io/hashicorp/azuread\"]",
      "instances": [
        {
          "schema_version": 1,
          "attributes": {
            "display_name": null,
            "end_date": "2025-07-18T20:27:09Z",
            "end_date_relative": null,
            "id": "ce23429a-651d-437e-a60f-0f84b3920aa6/password/5a06b52d-cb98-4bad-bd01-33b5d5e5579f",
            "key_id": "5a06b52d-cb98-4bad-bd01-33b5d5e5579f",
            "rotate_when_changed": null,
            "service_principal_id": "ce23429a-651d-437e-a60f-0f84b3920aa6",
            "start_date": "2023-07-18T20:27:09Z",
            "timeouts": null,
            "value": "JHB8Q~dPjdUDQFcfYN7dAaA6QA8UXwyhy049Bb7q"
          },
          "sensitive_attributes": [],
          "private": "eyJlMmJmYjczMC1lY2FhLTExZTYtOGY4OC0zNDM2M2JjN2M0YzAiOnsiY3JlYXRlIjozMDAwMDAwMDAwMDAsImRlbGV0ZSI6MzAwMDAwMDAwMDAwLCJyZWFkIjozMDAwMDAwMDAwMDAsInVwZGF0ZSI6MzAwMDAwMDAwMDAwfSwic2NoZW1hX3ZlcnNpb24iOiIxIn0=",
          "dependencies": [
            "azuread_application.gh_actions",
            "azuread_service_principal.gh_actions",
            "data.azuread_client_config.current",
            "random_integer.sa_num"
          ]
        }
      ]
    },
    {
      "mode": "managed",
      "type": "azurerm_resource_group",
      "name": "setup",
      "provider": "provider[\"registry.terraform.io/hashicorp/azurerm\"]",
      "instances": [
        {
          "schema_version": 0,
          "attributes": {
            "id": "/subscriptions/e1bf182a-5e03-4946-96ad-fe6b09d46cc4/resourceGroups/transitapi-20919",
            "location": "eastus",
            "name": "transitapi-20919",
            "tags": null,
            "timeouts": null
          },
          "sensitive_attributes": [],
          "private": "eyJlMmJmYjczMC1lY2FhLTExZTYtOGY4OC0zNDM2M2JjN2M0YzAiOnsiY3JlYXRlIjo1NDAwMDAwMDAwMDAwLCJkZWxldGUiOjU0MDAwMDAwMDAwMDAsInJlYWQiOjMwMDAwMDAwMDAwMCwidXBkYXRlIjo1NDAwMDAwMDAwMDAwfX0=",
          "dependencies": [
            "random_integer.sa_num"
          ]
        }
      ]
    },
    {
      "mode": "managed",
      "type": "azurerm_role_assignment",
      "name": "gh_actions",
      "provider": "provider[\"registry.terraform.io/hashicorp/azurerm\"]",
      "instances": [
        {
          "schema_version": 0,
          "attributes": {
            "condition": "",
            "condition_version": "",
            "delegated_managed_identity_resource_id": "",
            "description": "",
            "id": "/subscriptions/e1bf182a-5e03-4946-96ad-fe6b09d46cc4/providers/Microsoft.Authorization/roleAssignments/674d3002-b84d-3d6c-5cdc-c5f1bae0ee2f",
            "name": "674d3002-b84d-3d6c-5cdc-c5f1bae0ee2f",
            "principal_id": "ce23429a-651d-437e-a60f-0f84b3920aa6",
            "principal_type": "ServicePrincipal",
            "role_definition_id": "/subscriptions/e1bf182a-5e03-4946-96ad-fe6b09d46cc4/providers/Microsoft.Authorization/roleDefinitions/b24988ac-6180-42a0-ab88-20f7382dd24c",
            "role_definition_name": "Contributor",
            "scope": "/subscriptions/e1bf182a-5e03-4946-96ad-fe6b09d46cc4",
            "skip_service_principal_aad_check": null,
            "timeouts": null
          },
          "sensitive_attributes": [],
          "private": "eyJlMmJmYjczMC1lY2FhLTExZTYtOGY4OC0zNDM2M2JjN2M0YzAiOnsiY3JlYXRlIjoxODAwMDAwMDAwMDAwLCJkZWxldGUiOjE4MDAwMDAwMDAwMDAsInJlYWQiOjMwMDAwMDAwMDAwMCwidXBkYXRlIjoxODAwMDAwMDAwMDAwfX0=",
          "dependencies": [
            "azuread_application.gh_actions",
            "azuread_service_principal.gh_actions",
            "data.azuread_client_config.current",
            "data.azurerm_subscription.current",
            "random_integer.sa_num"
          ]
        }
      ]
    },
    {
      "mode": "managed",
      "type": "azurerm_storage_account",
      "name": "sa",
      "provider": "provider[\"registry.terraform.io/hashicorp/azurerm\"]",
      "instances": [
        {
          "schema_version": 2,
          "attributes": {
            "access_tier": "Hot",
            "account_kind": "StorageV2",
            "account_replication_type": "LRS",
            "account_tier": "Standard",
            "allow_blob_public_access": false,
            "azure_files_authentication": [],
            "blob_properties": [
              {
                "change_feed_enabled": false,
                "container_delete_retention_policy": [],
                "cors_rule": [],
                "default_service_version": "",
                "delete_retention_policy": [],
                "last_access_time_enabled": false,
                "versioning_enabled": false
              }
            ],
            "custom_domain": [],
            "customer_managed_key": [],
            "enable_https_traffic_only": true,
            "id": "/subscriptions/e1bf182a-5e03-4946-96ad-fe6b09d46cc4/resourceGroups/transitapi-20919/providers/Microsoft.Storage/storageAccounts/transitapi20919",
            "identity": [],
            "infrastructure_encryption_enabled": false,
            "is_hns_enabled": false,
            "large_file_share_enabled": null,
            "location": "eastus",
            "min_tls_version": "TLS1_0",
            "name": "transitapi20919",
            "network_rules": [
              {
                "bypass": [
                  "AzureServices"
                ],
                "default_action": "Allow",
                "ip_rules": [],
                "private_link_access": [],
                "virtual_network_subnet_ids": []
              }
            ],
            "nfsv3_enabled": false,
            "primary_access_key": "wSX97OXs1NFCAab1AyqGNoNynQ85pTkl+XfT8Yg5MYGndmfWO9lgHOGaTVaQ37iRzjZtswmTgdRE+ASttWIh/Q==",
            "primary_blob_connection_string": "DefaultEndpointsProtocol=https;BlobEndpoint=https://transitapi20919.blob.core.windows.net/;AccountName=transitapi20919;AccountKey=wSX97OXs1NFCAab1AyqGNoNynQ85pTkl+XfT8Yg5MYGndmfWO9lgHOGaTVaQ37iRzjZtswmTgdRE+ASttWIh/Q==",
            "primary_blob_endpoint": "https://transitapi20919.blob.core.windows.net/",
            "primary_blob_host": "transitapi20919.blob.core.windows.net",
            "primary_connection_string": "DefaultEndpointsProtocol=https;AccountName=transitapi20919;AccountKey=wSX97OXs1NFCAab1AyqGNoNynQ85pTkl+XfT8Yg5MYGndmfWO9lgHOGaTVaQ37iRzjZtswmTgdRE+ASttWIh/Q==;EndpointSuffix=core.windows.net",
            "primary_dfs_endpoint": "https://transitapi20919.dfs.core.windows.net/",
            "primary_dfs_host": "transitapi20919.dfs.core.windows.net",
            "primary_file_endpoint": "https://transitapi20919.file.core.windows.net/",
            "primary_file_host": "transitapi20919.file.core.windows.net",
            "primary_location": "eastus",
            "primary_queue_endpoint": "https://transitapi20919.queue.core.windows.net/",
            "primary_queue_host": "transitapi20919.queue.core.windows.net",
            "primary_table_endpoint": "https://transitapi20919.table.core.windows.net/",
            "primary_table_host": "transitapi20919.table.core.windows.net",
            "primary_web_endpoint": "https://transitapi20919.z13.web.core.windows.net/",
            "primary_web_host": "transitapi20919.z13.web.core.windows.net",
            "queue_encryption_key_type": "Service",
            "queue_properties": [
              {
                "cors_rule": [],
                "hour_metrics": [
                  {
                    "enabled": true,
                    "include_apis": true,
                    "retention_policy_days": 7,
                    "version": "1.0"
                  }
                ],
                "logging": [
                  {
                    "delete": false,
                    "read": false,
                    "retention_policy_days": 0,
                    "version": "1.0",
                    "write": false
                  }
                ],
                "minute_metrics": [
                  {
                    "enabled": false,
                    "include_apis": false,
                    "retention_policy_days": 0,
                    "version": "1.0"
                  }
                ]
              }
            ],
            "resource_group_name": "transitapi-20919",
            "routing": [],
            "secondary_access_key": "R0ZYNHKKKFfB7C8PzKUKRoGmbsRTMf5TdOi3Vz7457/LTw2lRFekYtpIRn8tokUiIY+N2XatSGeG+AStjprzkA==",
            "secondary_blob_connection_string": "",
            "secondary_blob_endpoint": null,
            "secondary_blob_host": null,
            "secondary_connection_string": "DefaultEndpointsProtocol=https;AccountName=transitapi20919;AccountKey=R0ZYNHKKKFfB7C8PzKUKRoGmbsRTMf5TdOi3Vz7457/LTw2lRFekYtpIRn8tokUiIY+N2XatSGeG+AStjprzkA==;EndpointSuffix=core.windows.net",
            "secondary_dfs_endpoint": null,
            "secondary_dfs_host": null,
            "secondary_file_endpoint": null,
            "secondary_file_host": null,
            "secondary_location": "",
            "secondary_queue_endpoint": null,
            "secondary_queue_host": null,
            "secondary_table_endpoint": null,
            "secondary_table_host": null,
            "secondary_web_endpoint": null,
            "secondary_web_host": null,
            "share_properties": [
              {
                "cors_rule": [],
                "retention_policy": [
                  {
                    "days": 7
                  }
                ],
                "smb": []
              }
            ],
            "shared_access_key_enabled": true,
            "static_website": [],
            "table_encryption_key_type": "Service",
            "tags": null,
            "timeouts": null
          },
          "sensitive_attributes": [],
          "private": "eyJlMmJmYjczMC1lY2FhLTExZTYtOGY4OC0zNDM2M2JjN2M0YzAiOnsiY3JlYXRlIjozNjAwMDAwMDAwMDAwLCJkZWxldGUiOjM2MDAwMDAwMDAwMDAsInJlYWQiOjMwMDAwMDAwMDAwMCwidXBkYXRlIjozNjAwMDAwMDAwMDAwfSwic2NoZW1hX3ZlcnNpb24iOiIyIn0=",
          "dependencies": [
            "azurerm_resource_group.setup",
            "random_integer.sa_num"
          ]
        }
      ]
    },
    {
      "mode": "managed",
      "type": "azurerm_storage_container",
      "name": "ct",
      "provider": "provider[\"registry.terraform.io/hashicorp/azurerm\"]",
      "instances": [
        {
          "schema_version": 1,
          "attributes": {
            "container_access_type": "private",
            "has_immutability_policy": false,
            "has_legal_hold": false,
            "id": "https://transitapi20919.blob.core.windows.net/terraform-state",
            "metadata": {},
            "name": "terraform-state",
            "resource_manager_id": "/subscriptions/e1bf182a-5e03-4946-96ad-fe6b09d46cc4/resourceGroups/transitapi-20919/providers/Microsoft.Storage/storageAccounts/transitapi20919/blobServices/default/containers/terraform-state",
            "storage_account_name": "transitapi20919",
            "timeouts": null
          },
          "sensitive_attributes": [],
          "private": "eyJlMmJmYjczMC1lY2FhLTExZTYtOGY4OC0zNDM2M2JjN2M0YzAiOnsiY3JlYXRlIjoxODAwMDAwMDAwMDAwLCJkZWxldGUiOjE4MDAwMDAwMDAwMDAsInJlYWQiOjMwMDAwMDAwMDAwMCwidXBkYXRlIjoxODAwMDAwMDAwMDAwfSwic2NoZW1hX3ZlcnNpb24iOiIxIn0=",
          "dependencies": [
            "azurerm_resource_group.setup",
            "azurerm_storage_account.sa",
            "random_integer.sa_num"
          ]
        }
      ]
    },
    {
      "mode": "managed",
      "type": "github_actions_secret",
      "name": "actions_secret",
      "provider": "provider[\"registry.terraform.io/integrations/github\"]",
      "instances": [
        {
          "index_key": "ARM_CLIENT_ID",
          "schema_version": 0,
          "attributes": {
            "created_at": "2023-07-18 20:39:00 +0000 UTC",
            "encrypted_value": "",
            "id": "transit-infra:ARM_CLIENT_ID",
            "plaintext_value": "ac289d50-0105-4208-8c65-ab74be289e65",
            "repository": "transit-infra",
            "secret_name": "ARM_CLIENT_ID",
            "updated_at": "2023-07-18 20:39:00 +0000 UTC"
          },
          "sensitive_attributes": [],
          "private": "bnVsbA==",
          "dependencies": [
            "azuread_application.gh_actions",
            "azuread_service_principal.gh_actions",
            "azuread_service_principal_password.gh_actions",
            "azurerm_resource_group.setup",
            "azurerm_storage_account.sa",
            "azurerm_storage_container.ct",
            "data.azuread_client_config.current",
            "data.azurerm_subscription.current",
            "random_integer.sa_num"
          ]
        },
        {
          "index_key": "ARM_CLIENT_SECRET",
          "schema_version": 0,
          "attributes": {
            "created_at": "2023-07-18 20:39:06 +0000 UTC",
            "encrypted_value": "",
            "id": "transit-infra:ARM_CLIENT_SECRET",
            "plaintext_value": "JHB8Q~dPjdUDQFcfYN7dAaA6QA8UXwyhy049Bb7q",
            "repository": "transit-infra",
            "secret_name": "ARM_CLIENT_SECRET",
            "updated_at": "2023-07-18 20:39:06 +0000 UTC"
          },
          "sensitive_attributes": [
            [
              {
                "type": "get_attr",
                "value": "plaintext_value"
              }
            ]
          ],
          "private": "bnVsbA==",
          "dependencies": [
            "azuread_application.gh_actions",
            "azuread_service_principal.gh_actions",
            "azuread_service_principal_password.gh_actions",
            "azurerm_resource_group.setup",
            "azurerm_storage_account.sa",
            "azurerm_storage_container.ct",
            "data.azuread_client_config.current",
            "data.azurerm_subscription.current",
            "random_integer.sa_num"
          ]
        },
        {
          "index_key": "ARM_SUBSCRIPTION_ID",
          "schema_version": 0,
          "attributes": {
            "created_at": "2023-07-18 20:39:04 +0000 UTC",
            "encrypted_value": "",
            "id": "transit-infra:ARM_SUBSCRIPTION_ID",
            "plaintext_value": "e1bf182a-5e03-4946-96ad-fe6b09d46cc4",
            "repository": "transit-infra",
            "secret_name": "ARM_SUBSCRIPTION_ID",
            "updated_at": "2023-07-18 20:39:04 +0000 UTC"
          },
          "sensitive_attributes": [],
          "private": "bnVsbA==",
          "dependencies": [
            "azuread_application.gh_actions",
            "azuread_service_principal.gh_actions",
            "azuread_service_principal_password.gh_actions",
            "azurerm_resource_group.setup",
            "azurerm_storage_account.sa",
            "azurerm_storage_container.ct",
            "data.azuread_client_config.current",
            "data.azurerm_subscription.current",
            "random_integer.sa_num"
          ]
        },
        {
          "index_key": "ARM_TENANT_ID",
          "schema_version": 0,
          "attributes": {
            "created_at": "2023-07-18 20:39:05 +0000 UTC",
            "encrypted_value": "",
            "id": "transit-infra:ARM_TENANT_ID",
            "plaintext_value": "08433261-1217-468c-b251-2b000a8afb7e",
            "repository": "transit-infra",
            "secret_name": "ARM_TENANT_ID",
            "updated_at": "2023-07-18 20:39:05 +0000 UTC"
          },
          "sensitive_attributes": [],
          "private": "bnVsbA==",
          "dependencies": [
            "azuread_application.gh_actions",
            "azuread_service_principal.gh_actions",
            "azuread_service_principal_password.gh_actions",
            "azurerm_resource_group.setup",
            "azurerm_storage_account.sa",
            "azurerm_storage_container.ct",
            "data.azuread_client_config.current",
            "data.azurerm_subscription.current",
            "random_integer.sa_num"
          ]
        },
        {
          "index_key": "CONTAINER_NAME",
          "schema_version": 0,
          "attributes": {
            "created_at": "2023-07-18 20:39:01 +0000 UTC",
            "encrypted_value": "",
            "id": "transit-infra:CONTAINER_NAME",
            "plaintext_value": "terraform-state",
            "repository": "transit-infra",
            "secret_name": "CONTAINER_NAME",
            "updated_at": "2023-07-18 20:39:01 +0000 UTC"
          },
          "sensitive_attributes": [],
          "private": "bnVsbA==",
          "dependencies": [
            "azuread_application.gh_actions",
            "azuread_service_principal.gh_actions",
            "azuread_service_principal_password.gh_actions",
            "azurerm_resource_group.setup",
            "azurerm_storage_account.sa",
            "azurerm_storage_container.ct",
            "data.azuread_client_config.current",
            "data.azurerm_subscription.current",
            "random_integer.sa_num"
          ]
        },
        {
          "index_key": "RESOURCE_GROUP",
          "schema_version": 0,
          "attributes": {
            "created_at": "2023-07-18 20:38:59 +0000 UTC",
            "encrypted_value": "",
            "id": "transit-infra:RESOURCE_GROUP",
            "plaintext_value": "transitapi-20919",
            "repository": "transit-infra",
            "secret_name": "RESOURCE_GROUP",
            "updated_at": "2023-07-18 20:38:59 +0000 UTC"
          },
          "sensitive_attributes": [],
          "private": "bnVsbA==",
          "dependencies": [
            "azuread_application.gh_actions",
            "azuread_service_principal.gh_actions",
            "azuread_service_principal_password.gh_actions",
            "azurerm_resource_group.setup",
            "azurerm_storage_account.sa",
            "azurerm_storage_container.ct",
            "data.azuread_client_config.current",
            "data.azurerm_subscription.current",
            "random_integer.sa_num"
          ]
        },
        {
          "index_key": "STORAGE_ACCOUNT",
          "schema_version": 0,
          "attributes": {
            "created_at": "2023-07-18 20:39:03 +0000 UTC",
            "encrypted_value": "",
            "id": "transit-infra:STORAGE_ACCOUNT",
            "plaintext_value": "transitapi20919",
            "repository": "transit-infra",
            "secret_name": "STORAGE_ACCOUNT",
            "updated_at": "2023-07-18 20:39:03 +0000 UTC"
          },
          "sensitive_attributes": [],
          "private": "bnVsbA==",
          "dependencies": [
            "azuread_application.gh_actions",
            "azuread_service_principal.gh_actions",
            "azuread_service_principal_password.gh_actions",
            "azurerm_resource_group.setup",
            "azurerm_storage_account.sa",
            "azurerm_storage_container.ct",
            "data.azuread_client_config.current",
            "data.azurerm_subscription.current",
            "random_integer.sa_num"
          ]
        }
      ]
    },
    {
      "mode": "managed",
      "type": "random_integer",
      "name": "sa_num",
      "provider": "provider[\"registry.terraform.io/hashicorp/random\"]",
      "instances": [
        {
          "schema_version": 0,
          "attributes": {
            "id": "20919",
            "keepers": null,
            "max": 99999,
            "min": 10000,
            "result": 20919,
            "seed": null
          },
          "sensitive_attributes": []
        }
      ]
    }
  ],
  "check_results": []
}
